dependencies:
- name: base
  repository: https://istio-release.storage.googleapis.com/charts
  version: 1.14.0
- name: istiod
  repository: https://istio-release.storage.googleapis.com/charts
  version: 1.14.0
digest: sha256:eadcd54475195fabc8e96a6946786e46c8c5486463478e055866b8042995f4b8
generated: "2022-08-05T11:02:36.768426929+07:00"
